
Microsoft Visual Studio Solution File, Format Version 12.00
# Visual Studio Version 17
VisualStudioVersion = 17.12.35707.178 d17.12
MinimumVisualStudioVersion = 10.0.40219.1
Project("{FAE04EC0-301F-11D3-BF4B-00C04F79EFBC}") = "Actividad_01", "Actividad1\Actividad_01.csproj", "{FCDC4387-53C0-4076-A8F5-E4F17732288C}"
EndProject
Project("{FAE04EC0-301F-11D3-BF4B-00C04F79EFBC}") = "Actividad_03", "Actividad3\Actividad_03.csproj", "{659E84A8-2DF5-42AF-B828-6CD486E87BE8}"
EndProject
Project("{FAE04EC0-301F-11D3-BF4B-00C04F79EFBC}") = "Actividad_04", "Actividad4\Actividad_04.csproj", "{E261C0C3-C200-4C9E-8079-CB4177B0EE98}"
EndProject
Project("{FAE04EC0-301F-11D3-BF4B-00C04F79EFBC}") = "Actividad_05", "Actividad5\Actividad_05.csproj", "{9B387966-6C85-4562-B693-495E57A50180}"
EndProject
Project("{FAE04EC0-301F-11D3-BF4B-00C04F79EFBC}") = "Actividad_06", "Actividad6\Actividad_06.csproj", "{1D85759A-88FF-4D0B-9788-BCF4B0C510FB}"
EndProject
Project("{FAE04EC0-301F-11D3-BF4B-00C04F79EFBC}") = "Actividad_07", "Actividad7\Actividad_07.csproj", "{C8CA9D48-44B5-4553-83EB-0417D1104B2F}"
EndProject
Project("{FAE04EC0-301F-11D3-BF4B-00C04F79EFBC}") = "Actividad_08", "Actividad8\Actividad_08.csproj", "{9A6BFE9A-C607-41BB-817E-775884478A6B}"
EndProject
Project("{FAE04EC0-301F-11D3-BF4B-00C04F79EFBC}") = "Actividad_09", "Actividad9\Actividad_09.csproj", "{62B09E52-C284-46D5-9316-6B0F5DA47E3F}"
EndProject
Project("{FAE04EC0-301F-11D3-BF4B-00C04F79EFBC}") = "Actividad_10", "Actividad10\Actividad_10.csproj", "{7855C9E6-3E29-4597-AE30-79913BABC541}"
EndProject
Project("{FAE04EC0-301F-11D3-BF4B-00C04F79EFBC}") = "Actividad_11", "11\Actividad_11.csproj", "{98145481-3AE6-40BB-82FF-75FAD68486E2}"
EndProject
Project("{FAE04EC0-301F-11D3-BF4B-00C04F79EFBC}") = "Actividad_12", "Actividad_12\Actividad_12.csproj", "{FFBC5565-F70C-4F75-AD9F-B59D7D6E4199}"
EndProject
Project("{FAE04EC0-301F-11D3-BF4B-00C04F79EFBC}") = "Actividad_13", "Actividad_13\Actividad_13.csproj", "{402BA56F-D9FD-4D8C-9B27-D8F1896B315C}"
EndProject
Project("{FAE04EC0-301F-11D3-BF4B-00C04F79EFBC}") = "Actividad_14", "Actividad_14\Actividad_14.csproj", "{D0AB7B13-25E4-48D5-876D-E55C363D7DD5}"
EndProject
Project("{FAE04EC0-301F-11D3-BF4B-00C04F79EFBC}") = "Actividad_15", "Actividad_15\Actividad_15.csproj", "{96BF86CA-F6DE-45B7-836D-0DBDE7BB73CD}"
EndProject
Project("{FAE04EC0-301F-11D3-BF4B-00C04F79EFBC}") = "Actividad_16", "Actividad_16\Actividad_16.csproj", "{C50DDF5F-1A2E-49CA-9294-7A67FB03DFC2}"
EndProject
Project("{FAE04EC0-301F-11D3-BF4B-00C04F79EFBC}") = "Actividad_17", "Actividad_17\Actividad_17.csproj", "{87C46610-976E-4BB4-82DC-E9613D6D12F5}"
EndProject
Project("{FAE04EC0-301F-11D3-BF4B-00C04F79EFBC}") = "Actividad_18", "Actividad_18\Actividad_18.csproj", "{749F7FA7-DC69-4B8E-8220-56C014FA5785}"
EndProject
Project("{FAE04EC0-301F-11D3-BF4B-00C04F79EFBC}") = "Actividad_19", "Actividad_19\Actividad_19.csproj", "{4E42CFB3-C671-47CF-A816-30F84ABA221F}"
EndProject
Project("{FAE04EC0-301F-11D3-BF4B-00C04F79EFBC}") = "Actividad_20", "Actividad_20\Actividad_20.csproj", "{ACFEB740-DBCF-45D1-AB7D-FF0083AB9274}"
EndProject
Project("{FAE04EC0-301F-11D3-BF4B-00C04F79EFBC}") = "Actividad_21", "Actividad_21\Actividad_21.csproj", "{69994A91-5DFA-4C30-9CEE-CB262D97556F}"
EndProject
Project("{FAE04EC0-301F-11D3-BF4B-00C04F79EFBC}") = "Actividad_22", "Actividad_22\Actividad_22.csproj", "{26E01E78-CA04-453E-8A37-9BA51A3E87D6}"
EndProject
Project("{FAE04EC0-301F-11D3-BF4B-00C04F79EFBC}") = "Actividad_23", "Actividad_23\Actividad_23.csproj", "{6CE70244-2257-43F1-BD2F-4BFBEF2E2C6A}"
EndProject
Project("{FAE04EC0-301F-11D3-BF4B-00C04F79EFBC}") = "Actividad_24", "Actividad_24\Actividad_24.csproj", "{A7A7B682-EFCF-4851-839E-4CA88E167D2C}"
EndProject
Project("{FAE04EC0-301F-11D3-BF4B-00C04F79EFBC}") = "Actividad_25", "Actividad_25\Actividad_25.csproj", "{B43C2342-FB89-46FD-8A4E-4D4153E4A3FB}"
EndProject
Project("{FAE04EC0-301F-11D3-BF4B-00C04F79EFBC}") = "Actividad_26", "Actividad_26\Actividad_26.csproj", "{65E7D37A-D194-4B34-929E-30501DAB7C2D}"
EndProject
Project("{FAE04EC0-301F-11D3-BF4B-00C04F79EFBC}") = "Actividad_27", "Actividad_27\Actividad_27.csproj", "{03F32A67-B8AF-4587-93BC-1D2BA535D703}"
EndProject
Project("{FAE04EC0-301F-11D3-BF4B-00C04F79EFBC}") = "Actividad_28", "Actividad_28\Actividad_28.csproj", "{17355235-B42E-4F8B-AFA2-C52C9040C8BA}"
EndProject
Project("{FAE04EC0-301F-11D3-BF4B-00C04F79EFBC}") = "Actividad_29", "Actividad_29\Actividad_29.csproj", "{5F188115-87F7-42A6-9170-A97D0146798B}"
EndProject
Project("{FAE04EC0-301F-11D3-BF4B-00C04F79EFBC}") = "Actividad_02", "Actividad_2\Actividad_02.csproj", "{562DD3D1-B0C7-4224-B036-81D89F81BD0B}"
EndProject
Project("{FAE04EC0-301F-11D3-BF4B-00C04F79EFBC}") = "Actividad_30", "Actividad_30\Actividad_30.csproj", "{20C357F9-1A0D-4249-853C-9CBB6D1398F0}"
EndProject
Project("{FAE04EC0-301F-11D3-BF4B-00C04F79EFBC}") = "Actividad_31", "Actividad_31\Actividad_31.csproj", "{C2DBBE7B-5624-42B7-9D5B-148638C6B8B7}"
EndProject
Project("{FAE04EC0-301F-11D3-BF4B-00C04F79EFBC}") = "Actividad_32", "Actividad_32\Actividad_32.csproj", "{0CE4FC7E-75A4-4EC0-872C-EEE237240041}"
EndProject
Project("{FAE04EC0-301F-11D3-BF4B-00C04F79EFBC}") = "Actividad_33", "Actividad_33\Actividad_33.csproj", "{55649E13-96B1-429A-8F96-A1E86DADC90A}"
EndProject
Project("{FAE04EC0-301F-11D3-BF4B-00C04F79EFBC}") = "Actividad_34", "Actividad_34\Actividad_34.csproj", "{0C10810B-FD20-4372-A9D5-9C771131DC8C}"
EndProject
Project("{FAE04EC0-301F-11D3-BF4B-00C04F79EFBC}") = "Actividad_35", "Actividad_35\Actividad_35.csproj", "{99EE66D1-4E50-4678-B672-C9D9A8970FF2}"
EndProject
Project("{FAE04EC0-301F-11D3-BF4B-00C04F79EFBC}") = "Actividad_36", "Actividad_36\Actividad_36.csproj", "{12F002A8-7D04-4736-9E70-EE74CCF3096F}"
EndProject
Project("{FAE04EC0-301F-11D3-BF4B-00C04F79EFBC}") = "Actividad_37", "Actividad_37\Actividad_37.csproj", "{9A13BE16-FBD4-401D-9FD1-000D5C4C8A27}"
EndProject
Project("{FAE04EC0-301F-11D3-BF4B-00C04F79EFBC}") = "Actividad_38", "Actividad_38\Actividad_38.csproj", "{79E2288B-04DF-48ED-9A6B-5FA9E4F18B33}"
EndProject
Project("{FAE04EC0-301F-11D3-BF4B-00C04F79EFBC}") = "Actividad_39", "Actividad_39\Actividad_39.csproj", "{A758A74D-5F04-41EC-9FB5-A15CE558187D}"
EndProject
Project("{FAE04EC0-301F-11D3-BF4B-00C04F79EFBC}") = "Actividad_40", "Actividad_40\Actividad_40.csproj", "{C89A13B3-998B-4A88-BF67-EFD5F0496F14}"
EndProject
Project("{FAE04EC0-301F-11D3-BF4B-00C04F79EFBC}") = "Actividad_41", "Actividad_41\Actividad_41.csproj", "{EEF2A591-B46E-48DE-B242-35CFA907D421}"
EndProject
Project("{FAE04EC0-301F-11D3-BF4B-00C04F79EFBC}") = "Actividad_42", "Actividad_42\Actividad_42.csproj", "{4022DEAE-7101-4C7D-9A61-19A3C79F071E}"
EndProject
Project("{FAE04EC0-301F-11D3-BF4B-00C04F79EFBC}") = "Actividad_43", "Actividad_43\Actividad_43.csproj", "{FC40FBE2-9FAF-4CC6-9D8E-AA37418CED7A}"
EndProject
Project("{FAE04EC0-301F-11D3-BF4B-00C04F79EFBC}") = "Actividad_44", "Actividad_44\Actividad_44.csproj", "{ED0BA8DA-5148-4F0E-A111-19AD42752074}"
EndProject
Project("{FAE04EC0-301F-11D3-BF4B-00C04F79EFBC}") = "Actividad_45", "Actividad_45\Actividad_45.csproj", "{F1498205-8047-4567-9DA7-24D8CED119DC}"
EndProject
Project("{FAE04EC0-301F-11D3-BF4B-00C04F79EFBC}") = "Actividad_46", "Actividad_46\Actividad_46.csproj", "{66CDBFB1-6D39-4545-AAD4-4F218011CA57}"
EndProject
Project("{FAE04EC0-301F-11D3-BF4B-00C04F79EFBC}") = "Actividad_47", "Actividad_47\Actividad_47.csproj", "{02BB89E5-CA47-4766-8036-25DB7B5E96E0}"
EndProject
Project("{FAE04EC0-301F-11D3-BF4B-00C04F79EFBC}") = "Actividad_48", "Actividad_48\Actividad_48.csproj", "{E8E0C961-A319-47B5-BC94-EE2D9DB57FD9}"
EndProject
Project("{FAE04EC0-301F-11D3-BF4B-00C04F79EFBC}") = "Actividad_49", "Actividad_49\Actividad_49.csproj", "{0F01D11E-37D3-4ED2-B66A-968152DA7CAC}"
EndProject
Project("{FAE04EC0-301F-11D3-BF4B-00C04F79EFBC}") = "Actividad_50", "Actividad_50\Actividad_50.csproj", "{FB8904C6-A360-4D22-BB5F-4CE2B0064FEF}"
EndProject
Project("{FAE04EC0-301F-11D3-BF4B-00C04F79EFBC}") = "Actividad_51", "Actividad_51\Actividad_51.csproj", "{4FAFB70A-7696-4F00-837F-91EE03BFC5F6}"
EndProject
Project("{FAE04EC0-301F-11D3-BF4B-00C04F79EFBC}") = "Actividad_52", "Actividad_52\Actividad_52.csproj", "{33D3F180-6FED-40BA-85BC-C15DE821CD83}"
EndProject
Project("{FAE04EC0-301F-11D3-BF4B-00C04F79EFBC}") = "Actividad_53", "Actividad_53\Actividad_53.csproj", "{F0CB08E3-79AA-42F4-86F2-0982A1C7C95B}"
EndProject
Project("{FAE04EC0-301F-11D3-BF4B-00C04F79EFBC}") = "Actividad_54", "Actividad_54\Actividad_54.csproj", "{F51587D9-9048-4388-9C71-EFDE5CDC3F3E}"
EndProject
Project("{FAE04EC0-301F-11D3-BF4B-00C04F79EFBC}") = "Actividad_55", "Actividad_55\Actividad_55.csproj", "{2341265F-9232-421B-838D-F86AA268A42E}"
EndProject
Project("{FAE04EC0-301F-11D3-BF4B-00C04F79EFBC}") = "Actividad_56", "Actividad_56\Actividad_56.csproj", "{33CE487B-7E4F-47E6-8BAE-CDC7CB68AA8D}"
EndProject
Project("{FAE04EC0-301F-11D3-BF4B-00C04F79EFBC}") = "Actividad_57", "Actividad_57\Actividad_57.csproj", "{21C312FD-6A41-4150-B811-D342C4E2527B}"
EndProject
Project("{FAE04EC0-301F-11D3-BF4B-00C04F79EFBC}") = "Actividad_58", "Actividad_58\Actividad_58.csproj", "{D242BF3F-0CDC-4BE0-859E-E74C0F9FFF29}"
EndProject
Project("{FAE04EC0-301F-11D3-BF4B-00C04F79EFBC}") = "Actividad_59", "Actividad_59\Actividad_59.csproj", "{8D9002CE-FC21-46AB-9681-0CAACEF702E4}"
EndProject
Project("{FAE04EC0-301F-11D3-BF4B-00C04F79EFBC}") = "Actividad_60", "Actividad_60\Actividad_60.csproj", "{3D0B57B4-1F8C-4068-9E57-3D018BF24B3E}"
EndProject
Project("{FAE04EC0-301F-11D3-BF4B-00C04F79EFBC}") = "Actividad_61", "Actividad_61\Actividad_61.csproj", "{B966512D-F9EB-4658-94E9-8F1A3D040E00}"
EndProject
Project("{FAE04EC0-301F-11D3-BF4B-00C04F79EFBC}") = "Actividad_62", "Actividad_62\Actividad_62.csproj", "{9FE47A75-1525-44D7-9597-52736DD2830A}"
EndProject
Project("{FAE04EC0-301F-11D3-BF4B-00C04F79EFBC}") = "Actividad_63", "Actividad_63\Actividad_63.csproj", "{C25977E4-0A7F-43A4-80F4-B037AA22CC8B}"
EndProject
Project("{FAE04EC0-301F-11D3-BF4B-00C04F79EFBC}") = "Actividad_64", "Actividad_64\Actividad_64.csproj", "{EF763DC6-770C-40FB-88A0-7230CC1C1297}"
EndProject
Project("{FAE04EC0-301F-11D3-BF4B-00C04F79EFBC}") = "Actividad_65", "Actividad_65\Actividad_65.csproj", "{906F520E-BBCD-4A46-BBBA-5BF1DE5E6B38}"
EndProject
Project("{FAE04EC0-301F-11D3-BF4B-00C04F79EFBC}") = "Actividad_66", "Actividad_66\Actividad_66.csproj", "{03B4942D-C908-438E-8280-8A217BDF647C}"
EndProject
Global
	GlobalSection(SolutionConfigurationPlatforms) = preSolution
		Debug|Any CPU = Debug|Any CPU
		Release|Any CPU = Release|Any CPU
	EndGlobalSection
	GlobalSection(ProjectConfigurationPlatforms) = postSolution
		{FCDC4387-53C0-4076-A8F5-E4F17732288C}.Debug|Any CPU.ActiveCfg = Debug|Any CPU
		{FCDC4387-53C0-4076-A8F5-E4F17732288C}.Debug|Any CPU.Build.0 = Debug|Any CPU
		{FCDC4387-53C0-4076-A8F5-E4F17732288C}.Release|Any CPU.ActiveCfg = Release|Any CPU
		{FCDC4387-53C0-4076-A8F5-E4F17732288C}.Release|Any CPU.Build.0 = Release|Any CPU
		{659E84A8-2DF5-42AF-B828-6CD486E87BE8}.Debug|Any CPU.ActiveCfg = Debug|Any CPU
		{659E84A8-2DF5-42AF-B828-6CD486E87BE8}.Debug|Any CPU.Build.0 = Debug|Any CPU
		{659E84A8-2DF5-42AF-B828-6CD486E87BE8}.Release|Any CPU.ActiveCfg = Release|Any CPU
		{659E84A8-2DF5-42AF-B828-6CD486E87BE8}.Release|Any CPU.Build.0 = Release|Any CPU
		{E261C0C3-C200-4C9E-8079-CB4177B0EE98}.Debug|Any CPU.ActiveCfg = Debug|Any CPU
		{E261C0C3-C200-4C9E-8079-CB4177B0EE98}.Debug|Any CPU.Build.0 = Debug|Any CPU
		{E261C0C3-C200-4C9E-8079-CB4177B0EE98}.Release|Any CPU.ActiveCfg = Release|Any CPU
		{E261C0C3-C200-4C9E-8079-CB4177B0EE98}.Release|Any CPU.Build.0 = Release|Any CPU
		{9B387966-6C85-4562-B693-495E57A50180}.Debug|Any CPU.ActiveCfg = Debug|Any CPU
		{9B387966-6C85-4562-B693-495E57A50180}.Debug|Any CPU.Build.0 = Debug|Any CPU
		{9B387966-6C85-4562-B693-495E57A50180}.Release|Any CPU.ActiveCfg = Release|Any CPU
		{9B387966-6C85-4562-B693-495E57A50180}.Release|Any CPU.Build.0 = Release|Any CPU
		{1D85759A-88FF-4D0B-9788-BCF4B0C510FB}.Debug|Any CPU.ActiveCfg = Debug|Any CPU
		{1D85759A-88FF-4D0B-9788-BCF4B0C510FB}.Debug|Any CPU.Build.0 = Debug|Any CPU
		{1D85759A-88FF-4D0B-9788-BCF4B0C510FB}.Release|Any CPU.ActiveCfg = Release|Any CPU
		{1D85759A-88FF-4D0B-9788-BCF4B0C510FB}.Release|Any CPU.Build.0 = Release|Any CPU
		{C8CA9D48-44B5-4553-83EB-0417D1104B2F}.Debug|Any CPU.ActiveCfg = Debug|Any CPU
		{C8CA9D48-44B5-4553-83EB-0417D1104B2F}.Debug|Any CPU.Build.0 = Debug|Any CPU
		{C8CA9D48-44B5-4553-83EB-0417D1104B2F}.Release|Any CPU.ActiveCfg = Release|Any CPU
		{C8CA9D48-44B5-4553-83EB-0417D1104B2F}.Release|Any CPU.Build.0 = Release|Any CPU
		{9A6BFE9A-C607-41BB-817E-775884478A6B}.Debug|Any CPU.ActiveCfg = Debug|Any CPU
		{9A6BFE9A-C607-41BB-817E-775884478A6B}.Debug|Any CPU.Build.0 = Debug|Any CPU
		{9A6BFE9A-C607-41BB-817E-775884478A6B}.Release|Any CPU.ActiveCfg = Release|Any CPU
		{9A6BFE9A-C607-41BB-817E-775884478A6B}.Release|Any CPU.Build.0 = Release|Any CPU
		{62B09E52-C284-46D5-9316-6B0F5DA47E3F}.Debug|Any CPU.ActiveCfg = Debug|Any CPU
		{62B09E52-C284-46D5-9316-6B0F5DA47E3F}.Debug|Any CPU.Build.0 = Debug|Any CPU
		{62B09E52-C284-46D5-9316-6B0F5DA47E3F}.Release|Any CPU.ActiveCfg = Release|Any CPU
		{62B09E52-C284-46D5-9316-6B0F5DA47E3F}.Release|Any CPU.Build.0 = Release|Any CPU
		{7855C9E6-3E29-4597-AE30-79913BABC541}.Debug|Any CPU.ActiveCfg = Debug|Any CPU
		{7855C9E6-3E29-4597-AE30-79913BABC541}.Debug|Any CPU.Build.0 = Debug|Any CPU
		{7855C9E6-3E29-4597-AE30-79913BABC541}.Release|Any CPU.ActiveCfg = Release|Any CPU
		{7855C9E6-3E29-4597-AE30-79913BABC541}.Release|Any CPU.Build.0 = Release|Any CPU
		{98145481-3AE6-40BB-82FF-75FAD68486E2}.Debug|Any CPU.ActiveCfg = Debug|Any CPU
		{98145481-3AE6-40BB-82FF-75FAD68486E2}.Debug|Any CPU.Build.0 = Debug|Any CPU
		{98145481-3AE6-40BB-82FF-75FAD68486E2}.Release|Any CPU.ActiveCfg = Release|Any CPU
		{98145481-3AE6-40BB-82FF-75FAD68486E2}.Release|Any CPU.Build.0 = Release|Any CPU
		{FFBC5565-F70C-4F75-AD9F-B59D7D6E4199}.Debug|Any CPU.ActiveCfg = Debug|Any CPU
		{FFBC5565-F70C-4F75-AD9F-B59D7D6E4199}.Debug|Any CPU.Build.0 = Debug|Any CPU
		{FFBC5565-F70C-4F75-AD9F-B59D7D6E4199}.Release|Any CPU.ActiveCfg = Release|Any CPU
		{FFBC5565-F70C-4F75-AD9F-B59D7D6E4199}.Release|Any CPU.Build.0 = Release|Any CPU
		{402BA56F-D9FD-4D8C-9B27-D8F1896B315C}.Debug|Any CPU.ActiveCfg = Debug|Any CPU
		{402BA56F-D9FD-4D8C-9B27-D8F1896B315C}.Debug|Any CPU.Build.0 = Debug|Any CPU
		{402BA56F-D9FD-4D8C-9B27-D8F1896B315C}.Release|Any CPU.ActiveCfg = Release|Any CPU
		{402BA56F-D9FD-4D8C-9B27-D8F1896B315C}.Release|Any CPU.Build.0 = Release|Any CPU
		{D0AB7B13-25E4-48D5-876D-E55C363D7DD5}.Debug|Any CPU.ActiveCfg = Debug|Any CPU
		{D0AB7B13-25E4-48D5-876D-E55C363D7DD5}.Debug|Any CPU.Build.0 = Debug|Any CPU
		{D0AB7B13-25E4-48D5-876D-E55C363D7DD5}.Release|Any CPU.ActiveCfg = Release|Any CPU
		{D0AB7B13-25E4-48D5-876D-E55C363D7DD5}.Release|Any CPU.Build.0 = Release|Any CPU
		{96BF86CA-F6DE-45B7-836D-0DBDE7BB73CD}.Debug|Any CPU.ActiveCfg = Debug|Any CPU
		{96BF86CA-F6DE-45B7-836D-0DBDE7BB73CD}.Debug|Any CPU.Build.0 = Debug|Any CPU
		{96BF86CA-F6DE-45B7-836D-0DBDE7BB73CD}.Release|Any CPU.ActiveCfg = Release|Any CPU
		{96BF86CA-F6DE-45B7-836D-0DBDE7BB73CD}.Release|Any CPU.Build.0 = Release|Any CPU
		{C50DDF5F-1A2E-49CA-9294-7A67FB03DFC2}.Debug|Any CPU.ActiveCfg = Debug|Any CPU
		{C50DDF5F-1A2E-49CA-9294-7A67FB03DFC2}.Debug|Any CPU.Build.0 = Debug|Any CPU
		{C50DDF5F-1A2E-49CA-9294-7A67FB03DFC2}.Release|Any CPU.ActiveCfg = Release|Any CPU
		{C50DDF5F-1A2E-49CA-9294-7A67FB03DFC2}.Release|Any CPU.Build.0 = Release|Any CPU
		{87C46610-976E-4BB4-82DC-E9613D6D12F5}.Debug|Any CPU.ActiveCfg = Debug|Any CPU
		{87C46610-976E-4BB4-82DC-E9613D6D12F5}.Debug|Any CPU.Build.0 = Debug|Any CPU
		{87C46610-976E-4BB4-82DC-E9613D6D12F5}.Release|Any CPU.ActiveCfg = Release|Any CPU
		{87C46610-976E-4BB4-82DC-E9613D6D12F5}.Release|Any CPU.Build.0 = Release|Any CPU
		{749F7FA7-DC69-4B8E-8220-56C014FA5785}.Debug|Any CPU.ActiveCfg = Debug|Any CPU
		{749F7FA7-DC69-4B8E-8220-56C014FA5785}.Debug|Any CPU.Build.0 = Debug|Any CPU
		{749F7FA7-DC69-4B8E-8220-56C014FA5785}.Release|Any CPU.ActiveCfg = Release|Any CPU
		{749F7FA7-DC69-4B8E-8220-56C014FA5785}.Release|Any CPU.Build.0 = Release|Any CPU
		{4E42CFB3-C671-47CF-A816-30F84ABA221F}.Debug|Any CPU.ActiveCfg = Debug|Any CPU
		{4E42CFB3-C671-47CF-A816-30F84ABA221F}.Debug|Any CPU.Build.0 = Debug|Any CPU
		{4E42CFB3-C671-47CF-A816-30F84ABA221F}.Release|Any CPU.ActiveCfg = Release|Any CPU
		{4E42CFB3-C671-47CF-A816-30F84ABA221F}.Release|Any CPU.Build.0 = Release|Any CPU
		{ACFEB740-DBCF-45D1-AB7D-FF0083AB9274}.Debug|Any CPU.ActiveCfg = Debug|Any CPU
		{ACFEB740-DBCF-45D1-AB7D-FF0083AB9274}.Debug|Any CPU.Build.0 = Debug|Any CPU
		{ACFEB740-DBCF-45D1-AB7D-FF0083AB9274}.Release|Any CPU.ActiveCfg = Release|Any CPU
		{ACFEB740-DBCF-45D1-AB7D-FF0083AB9274}.Release|Any CPU.Build.0 = Release|Any CPU
		{69994A91-5DFA-4C30-9CEE-CB262D97556F}.Debug|Any CPU.ActiveCfg = Debug|Any CPU
		{69994A91-5DFA-4C30-9CEE-CB262D97556F}.Debug|Any CPU.Build.0 = Debug|Any CPU
		{69994A91-5DFA-4C30-9CEE-CB262D97556F}.Release|Any CPU.ActiveCfg = Release|Any CPU
		{69994A91-5DFA-4C30-9CEE-CB262D97556F}.Release|Any CPU.Build.0 = Release|Any CPU
		{26E01E78-CA04-453E-8A37-9BA51A3E87D6}.Debug|Any CPU.ActiveCfg = Debug|Any CPU
		{26E01E78-CA04-453E-8A37-9BA51A3E87D6}.Debug|Any CPU.Build.0 = Debug|Any CPU
		{26E01E78-CA04-453E-8A37-9BA51A3E87D6}.Release|Any CPU.ActiveCfg = Release|Any CPU
		{26E01E78-CA04-453E-8A37-9BA51A3E87D6}.Release|Any CPU.Build.0 = Release|Any CPU
		{6CE70244-2257-43F1-BD2F-4BFBEF2E2C6A}.Debug|Any CPU.ActiveCfg = Debug|Any CPU
		{6CE70244-2257-43F1-BD2F-4BFBEF2E2C6A}.Debug|Any CPU.Build.0 = Debug|Any CPU
		{6CE70244-2257-43F1-BD2F-4BFBEF2E2C6A}.Release|Any CPU.ActiveCfg = Release|Any CPU
		{6CE70244-2257-43F1-BD2F-4BFBEF2E2C6A}.Release|Any CPU.Build.0 = Release|Any CPU
		{A7A7B682-EFCF-4851-839E-4CA88E167D2C}.Debug|Any CPU.ActiveCfg = Debug|Any CPU
		{A7A7B682-EFCF-4851-839E-4CA88E167D2C}.Debug|Any CPU.Build.0 = Debug|Any CPU
		{A7A7B682-EFCF-4851-839E-4CA88E167D2C}.Release|Any CPU.ActiveCfg = Release|Any CPU
		{A7A7B682-EFCF-4851-839E-4CA88E167D2C}.Release|Any CPU.Build.0 = Release|Any CPU
		{B43C2342-FB89-46FD-8A4E-4D4153E4A3FB}.Debug|Any CPU.ActiveCfg = Debug|Any CPU
		{B43C2342-FB89-46FD-8A4E-4D4153E4A3FB}.Debug|Any CPU.Build.0 = Debug|Any CPU
		{B43C2342-FB89-46FD-8A4E-4D4153E4A3FB}.Release|Any CPU.ActiveCfg = Release|Any CPU
		{B43C2342-FB89-46FD-8A4E-4D4153E4A3FB}.Release|Any CPU.Build.0 = Release|Any CPU
		{65E7D37A-D194-4B34-929E-30501DAB7C2D}.Debug|Any CPU.ActiveCfg = Debug|Any CPU
		{65E7D37A-D194-4B34-929E-30501DAB7C2D}.Debug|Any CPU.Build.0 = Debug|Any CPU
		{65E7D37A-D194-4B34-929E-30501DAB7C2D}.Release|Any CPU.ActiveCfg = Release|Any CPU
		{65E7D37A-D194-4B34-929E-30501DAB7C2D}.Release|Any CPU.Build.0 = Release|Any CPU
		{03F32A67-B8AF-4587-93BC-1D2BA535D703}.Debug|Any CPU.ActiveCfg = Debug|Any CPU
		{03F32A67-B8AF-4587-93BC-1D2BA535D703}.Debug|Any CPU.Build.0 = Debug|Any CPU
		{03F32A67-B8AF-4587-93BC-1D2BA535D703}.Release|Any CPU.ActiveCfg = Release|Any CPU
		{03F32A67-B8AF-4587-93BC-1D2BA535D703}.Release|Any CPU.Build.0 = Release|Any CPU
		{17355235-B42E-4F8B-AFA2-C52C9040C8BA}.Debug|Any CPU.ActiveCfg = Debug|Any CPU
		{17355235-B42E-4F8B-AFA2-C52C9040C8BA}.Debug|Any CPU.Build.0 = Debug|Any CPU
		{17355235-B42E-4F8B-AFA2-C52C9040C8BA}.Release|Any CPU.ActiveCfg = Release|Any CPU
		{17355235-B42E-4F8B-AFA2-C52C9040C8BA}.Release|Any CPU.Build.0 = Release|Any CPU
		{5F188115-87F7-42A6-9170-A97D0146798B}.Debug|Any CPU.ActiveCfg = Debug|Any CPU
		{5F188115-87F7-42A6-9170-A97D0146798B}.Debug|Any CPU.Build.0 = Debug|Any CPU
		{5F188115-87F7-42A6-9170-A97D0146798B}.Release|Any CPU.ActiveCfg = Release|Any CPU
		{5F188115-87F7-42A6-9170-A97D0146798B}.Release|Any CPU.Build.0 = Release|Any CPU
		{562DD3D1-B0C7-4224-B036-81D89F81BD0B}.Debug|Any CPU.ActiveCfg = Debug|Any CPU
		{562DD3D1-B0C7-4224-B036-81D89F81BD0B}.Debug|Any CPU.Build.0 = Debug|Any CPU
		{562DD3D1-B0C7-4224-B036-81D89F81BD0B}.Release|Any CPU.ActiveCfg = Release|Any CPU
		{562DD3D1-B0C7-4224-B036-81D89F81BD0B}.Release|Any CPU.Build.0 = Release|Any CPU
		{20C357F9-1A0D-4249-853C-9CBB6D1398F0}.Debug|Any CPU.ActiveCfg = Debug|Any CPU
		{20C357F9-1A0D-4249-853C-9CBB6D1398F0}.Debug|Any CPU.Build.0 = Debug|Any CPU
		{20C357F9-1A0D-4249-853C-9CBB6D1398F0}.Release|Any CPU.ActiveCfg = Release|Any CPU
		{20C357F9-1A0D-4249-853C-9CBB6D1398F0}.Release|Any CPU.Build.0 = Release|Any CPU
		{C2DBBE7B-5624-42B7-9D5B-148638C6B8B7}.Debug|Any CPU.ActiveCfg = Debug|Any CPU
		{C2DBBE7B-5624-42B7-9D5B-148638C6B8B7}.Debug|Any CPU.Build.0 = Debug|Any CPU
		{C2DBBE7B-5624-42B7-9D5B-148638C6B8B7}.Release|Any CPU.ActiveCfg = Release|Any CPU
		{C2DBBE7B-5624-42B7-9D5B-148638C6B8B7}.Release|Any CPU.Build.0 = Release|Any CPU
		{0CE4FC7E-75A4-4EC0-872C-EEE237240041}.Debug|Any CPU.ActiveCfg = Debug|Any CPU
		{0CE4FC7E-75A4-4EC0-872C-EEE237240041}.Debug|Any CPU.Build.0 = Debug|Any CPU
		{0CE4FC7E-75A4-4EC0-872C-EEE237240041}.Release|Any CPU.ActiveCfg = Release|Any CPU
		{0CE4FC7E-75A4-4EC0-872C-EEE237240041}.Release|Any CPU.Build.0 = Release|Any CPU
		{55649E13-96B1-429A-8F96-A1E86DADC90A}.Debug|Any CPU.ActiveCfg = Debug|Any CPU
		{55649E13-96B1-429A-8F96-A1E86DADC90A}.Debug|Any CPU.Build.0 = Debug|Any CPU
		{55649E13-96B1-429A-8F96-A1E86DADC90A}.Release|Any CPU.ActiveCfg = Release|Any CPU
		{55649E13-96B1-429A-8F96-A1E86DADC90A}.Release|Any CPU.Build.0 = Release|Any CPU
		{0C10810B-FD20-4372-A9D5-9C771131DC8C}.Debug|Any CPU.ActiveCfg = Debug|Any CPU
		{0C10810B-FD20-4372-A9D5-9C771131DC8C}.Debug|Any CPU.Build.0 = Debug|Any CPU
		{0C10810B-FD20-4372-A9D5-9C771131DC8C}.Release|Any CPU.ActiveCfg = Release|Any CPU
		{0C10810B-FD20-4372-A9D5-9C771131DC8C}.Release|Any CPU.Build.0 = Release|Any CPU
		{99EE66D1-4E50-4678-B672-C9D9A8970FF2}.Debug|Any CPU.ActiveCfg = Debug|Any CPU
		{99EE66D1-4E50-4678-B672-C9D9A8970FF2}.Debug|Any CPU.Build.0 = Debug|Any CPU
		{99EE66D1-4E50-4678-B672-C9D9A8970FF2}.Release|Any CPU.ActiveCfg = Release|Any CPU
		{99EE66D1-4E50-4678-B672-C9D9A8970FF2}.Release|Any CPU.Build.0 = Release|Any CPU
		{12F002A8-7D04-4736-9E70-EE74CCF3096F}.Debug|Any CPU.ActiveCfg = Debug|Any CPU
		{12F002A8-7D04-4736-9E70-EE74CCF3096F}.Debug|Any CPU.Build.0 = Debug|Any CPU
		{12F002A8-7D04-4736-9E70-EE74CCF3096F}.Release|Any CPU.ActiveCfg = Release|Any CPU
		{12F002A8-7D04-4736-9E70-EE74CCF3096F}.Release|Any CPU.Build.0 = Release|Any CPU
		{9A13BE16-FBD4-401D-9FD1-000D5C4C8A27}.Debug|Any CPU.ActiveCfg = Debug|Any CPU
		{9A13BE16-FBD4-401D-9FD1-000D5C4C8A27}.Debug|Any CPU.Build.0 = Debug|Any CPU
		{9A13BE16-FBD4-401D-9FD1-000D5C4C8A27}.Release|Any CPU.ActiveCfg = Release|Any CPU
		{9A13BE16-FBD4-401D-9FD1-000D5C4C8A27}.Release|Any CPU.Build.0 = Release|Any CPU
		{79E2288B-04DF-48ED-9A6B-5FA9E4F18B33}.Debug|Any CPU.ActiveCfg = Debug|Any CPU
		{79E2288B-04DF-48ED-9A6B-5FA9E4F18B33}.Debug|Any CPU.Build.0 = Debug|Any CPU
		{79E2288B-04DF-48ED-9A6B-5FA9E4F18B33}.Release|Any CPU.ActiveCfg = Release|Any CPU
		{79E2288B-04DF-48ED-9A6B-5FA9E4F18B33}.Release|Any CPU.Build.0 = Release|Any CPU
		{A758A74D-5F04-41EC-9FB5-A15CE558187D}.Debug|Any CPU.ActiveCfg = Debug|Any CPU
		{A758A74D-5F04-41EC-9FB5-A15CE558187D}.Debug|Any CPU.Build.0 = Debug|Any CPU
		{A758A74D-5F04-41EC-9FB5-A15CE558187D}.Release|Any CPU.ActiveCfg = Release|Any CPU
		{A758A74D-5F04-41EC-9FB5-A15CE558187D}.Release|Any CPU.Build.0 = Release|Any CPU
		{C89A13B3-998B-4A88-BF67-EFD5F0496F14}.Debug|Any CPU.ActiveCfg = Debug|Any CPU
		{C89A13B3-998B-4A88-BF67-EFD5F0496F14}.Debug|Any CPU.Build.0 = Debug|Any CPU
		{C89A13B3-998B-4A88-BF67-EFD5F0496F14}.Release|Any CPU.ActiveCfg = Release|Any CPU
		{C89A13B3-998B-4A88-BF67-EFD5F0496F14}.Release|Any CPU.Build.0 = Release|Any CPU
		{EEF2A591-B46E-48DE-B242-35CFA907D421}.Debug|Any CPU.ActiveCfg = Debug|Any CPU
		{EEF2A591-B46E-48DE-B242-35CFA907D421}.Debug|Any CPU.Build.0 = Debug|Any CPU
		{EEF2A591-B46E-48DE-B242-35CFA907D421}.Release|Any CPU.ActiveCfg = Release|Any CPU
		{EEF2A591-B46E-48DE-B242-35CFA907D421}.Release|Any CPU.Build.0 = Release|Any CPU
		{4022DEAE-7101-4C7D-9A61-19A3C79F071E}.Debug|Any CPU.ActiveCfg = Debug|Any CPU
		{4022DEAE-7101-4C7D-9A61-19A3C79F071E}.Debug|Any CPU.Build.0 = Debug|Any CPU
		{4022DEAE-7101-4C7D-9A61-19A3C79F071E}.Release|Any CPU.ActiveCfg = Release|Any CPU
		{4022DEAE-7101-4C7D-9A61-19A3C79F071E}.Release|Any CPU.Build.0 = Release|Any CPU
		{FC40FBE2-9FAF-4CC6-9D8E-AA37418CED7A}.Debug|Any CPU.ActiveCfg = Debug|Any CPU
		{FC40FBE2-9FAF-4CC6-9D8E-AA37418CED7A}.Debug|Any CPU.Build.0 = Debug|Any CPU
		{FC40FBE2-9FAF-4CC6-9D8E-AA37418CED7A}.Release|Any CPU.ActiveCfg = Release|Any CPU
		{FC40FBE2-9FAF-4CC6-9D8E-AA37418CED7A}.Release|Any CPU.Build.0 = Release|Any CPU
		{ED0BA8DA-5148-4F0E-A111-19AD42752074}.Debug|Any CPU.ActiveCfg = Debug|Any CPU
		{ED0BA8DA-5148-4F0E-A111-19AD42752074}.Debug|Any CPU.Build.0 = Debug|Any CPU
		{ED0BA8DA-5148-4F0E-A111-19AD42752074}.Release|Any CPU.ActiveCfg = Release|Any CPU
		{ED0BA8DA-5148-4F0E-A111-19AD42752074}.Release|Any CPU.Build.0 = Release|Any CPU
		{F1498205-8047-4567-9DA7-24D8CED119DC}.Debug|Any CPU.ActiveCfg = Debug|Any CPU
		{F1498205-8047-4567-9DA7-24D8CED119DC}.Debug|Any CPU.Build.0 = Debug|Any CPU
		{F1498205-8047-4567-9DA7-24D8CED119DC}.Release|Any CPU.ActiveCfg = Release|Any CPU
		{F1498205-8047-4567-9DA7-24D8CED119DC}.Release|Any CPU.Build.0 = Release|Any CPU
		{66CDBFB1-6D39-4545-AAD4-4F218011CA57}.Debug|Any CPU.ActiveCfg = Debug|Any CPU
		{66CDBFB1-6D39-4545-AAD4-4F218011CA57}.Debug|Any CPU.Build.0 = Debug|Any CPU
		{66CDBFB1-6D39-4545-AAD4-4F218011CA57}.Release|Any CPU.ActiveCfg = Release|Any CPU
		{66CDBFB1-6D39-4545-AAD4-4F218011CA57}.Release|Any CPU.Build.0 = Release|Any CPU
		{02BB89E5-CA47-4766-8036-25DB7B5E96E0}.Debug|Any CPU.ActiveCfg = Debug|Any CPU
		{02BB89E5-CA47-4766-8036-25DB7B5E96E0}.Debug|Any CPU.Build.0 = Debug|Any CPU
		{02BB89E5-CA47-4766-8036-25DB7B5E96E0}.Release|Any CPU.ActiveCfg = Release|Any CPU
		{02BB89E5-CA47-4766-8036-25DB7B5E96E0}.Release|Any CPU.Build.0 = Release|Any CPU
		{E8E0C961-A319-47B5-BC94-EE2D9DB57FD9}.Debug|Any CPU.ActiveCfg = Debug|Any CPU
		{E8E0C961-A319-47B5-BC94-EE2D9DB57FD9}.Debug|Any CPU.Build.0 = Debug|Any CPU
		{E8E0C961-A319-47B5-BC94-EE2D9DB57FD9}.Release|Any CPU.ActiveCfg = Release|Any CPU
		{E8E0C961-A319-47B5-BC94-EE2D9DB57FD9}.Release|Any CPU.Build.0 = Release|Any CPU
		{0F01D11E-37D3-4ED2-B66A-968152DA7CAC}.Debug|Any CPU.ActiveCfg = Debug|Any CPU
		{0F01D11E-37D3-4ED2-B66A-968152DA7CAC}.Debug|Any CPU.Build.0 = Debug|Any CPU
		{0F01D11E-37D3-4ED2-B66A-968152DA7CAC}.Release|Any CPU.ActiveCfg = Release|Any CPU
		{0F01D11E-37D3-4ED2-B66A-968152DA7CAC}.Release|Any CPU.Build.0 = Release|Any CPU
		{FB8904C6-A360-4D22-BB5F-4CE2B0064FEF}.Debug|Any CPU.ActiveCfg = Debug|Any CPU
		{FB8904C6-A360-4D22-BB5F-4CE2B0064FEF}.Debug|Any CPU.Build.0 = Debug|Any CPU
		{FB8904C6-A360-4D22-BB5F-4CE2B0064FEF}.Release|Any CPU.ActiveCfg = Release|Any CPU
		{FB8904C6-A360-4D22-BB5F-4CE2B0064FEF}.Release|Any CPU.Build.0 = Release|Any CPU
		{4FAFB70A-7696-4F00-837F-91EE03BFC5F6}.Debug|Any CPU.ActiveCfg = Debug|Any CPU
		{4FAFB70A-7696-4F00-837F-91EE03BFC5F6}.Debug|Any CPU.Build.0 = Debug|Any CPU
		{4FAFB70A-7696-4F00-837F-91EE03BFC5F6}.Release|Any CPU.ActiveCfg = Release|Any CPU
		{4FAFB70A-7696-4F00-837F-91EE03BFC5F6}.Release|Any CPU.Build.0 = Release|Any CPU
		{33D3F180-6FED-40BA-85BC-C15DE821CD83}.Debug|Any CPU.ActiveCfg = Debug|Any CPU
		{33D3F180-6FED-40BA-85BC-C15DE821CD83}.Debug|Any CPU.Build.0 = Debug|Any CPU
		{33D3F180-6FED-40BA-85BC-C15DE821CD83}.Release|Any CPU.ActiveCfg = Release|Any CPU
		{33D3F180-6FED-40BA-85BC-C15DE821CD83}.Release|Any CPU.Build.0 = Release|Any CPU
		{F0CB08E3-79AA-42F4-86F2-0982A1C7C95B}.Debug|Any CPU.ActiveCfg = Debug|Any CPU
		{F0CB08E3-79AA-42F4-86F2-0982A1C7C95B}.Debug|Any CPU.Build.0 = Debug|Any CPU
		{F0CB08E3-79AA-42F4-86F2-0982A1C7C95B}.Release|Any CPU.ActiveCfg = Release|Any CPU
		{F0CB08E3-79AA-42F4-86F2-0982A1C7C95B}.Release|Any CPU.Build.0 = Release|Any CPU
		{F51587D9-9048-4388-9C71-EFDE5CDC3F3E}.Debug|Any CPU.ActiveCfg = Debug|Any CPU
		{F51587D9-9048-4388-9C71-EFDE5CDC3F3E}.Debug|Any CPU.Build.0 = Debug|Any CPU
		{F51587D9-9048-4388-9C71-EFDE5CDC3F3E}.Release|Any CPU.ActiveCfg = Release|Any CPU
		{F51587D9-9048-4388-9C71-EFDE5CDC3F3E}.Release|Any CPU.Build.0 = Release|Any CPU
		{2341265F-9232-421B-838D-F86AA268A42E}.Debug|Any CPU.ActiveCfg = Debug|Any CPU
		{2341265F-9232-421B-838D-F86AA268A42E}.Debug|Any CPU.Build.0 = Debug|Any CPU
		{2341265F-9232-421B-838D-F86AA268A42E}.Release|Any CPU.ActiveCfg = Release|Any CPU
		{2341265F-9232-421B-838D-F86AA268A42E}.Release|Any CPU.Build.0 = Release|Any CPU
		{33CE487B-7E4F-47E6-8BAE-CDC7CB68AA8D}.Debug|Any CPU.ActiveCfg = Debug|Any CPU
		{33CE487B-7E4F-47E6-8BAE-CDC7CB68AA8D}.Debug|Any CPU.Build.0 = Debug|Any CPU
		{33CE487B-7E4F-47E6-8BAE-CDC7CB68AA8D}.Release|Any CPU.ActiveCfg = Release|Any CPU
		{33CE487B-7E4F-47E6-8BAE-CDC7CB68AA8D}.Release|Any CPU.Build.0 = Release|Any CPU
		{21C312FD-6A41-4150-B811-D342C4E2527B}.Debug|Any CPU.ActiveCfg = Debug|Any CPU
		{21C312FD-6A41-4150-B811-D342C4E2527B}.Debug|Any CPU.Build.0 = Debug|Any CPU
		{21C312FD-6A41-4150-B811-D342C4E2527B}.Release|Any CPU.ActiveCfg = Release|Any CPU
		{21C312FD-6A41-4150-B811-D342C4E2527B}.Release|Any CPU.Build.0 = Release|Any CPU
		{D242BF3F-0CDC-4BE0-859E-E74C0F9FFF29}.Debug|Any CPU.ActiveCfg = Debug|Any CPU
		{D242BF3F-0CDC-4BE0-859E-E74C0F9FFF29}.Debug|Any CPU.Build.0 = Debug|Any CPU
		{D242BF3F-0CDC-4BE0-859E-E74C0F9FFF29}.Release|Any CPU.ActiveCfg = Release|Any CPU
		{D242BF3F-0CDC-4BE0-859E-E74C0F9FFF29}.Release|Any CPU.Build.0 = Release|Any CPU
		{8D9002CE-FC21-46AB-9681-0CAACEF702E4}.Debug|Any CPU.ActiveCfg = Debug|Any CPU
		{8D9002CE-FC21-46AB-9681-0CAACEF702E4}.Debug|Any CPU.Build.0 = Debug|Any CPU
		{8D9002CE-FC21-46AB-9681-0CAACEF702E4}.Release|Any CPU.ActiveCfg = Release|Any CPU
		{8D9002CE-FC21-46AB-9681-0CAACEF702E4}.Release|Any CPU.Build.0 = Release|Any CPU
		{3D0B57B4-1F8C-4068-9E57-3D018BF24B3E}.Debug|Any CPU.ActiveCfg = Debug|Any CPU
		{3D0B57B4-1F8C-4068-9E57-3D018BF24B3E}.Debug|Any CPU.Build.0 = Debug|Any CPU
		{3D0B57B4-1F8C-4068-9E57-3D018BF24B3E}.Release|Any CPU.ActiveCfg = Release|Any CPU
		{3D0B57B4-1F8C-4068-9E57-3D018BF24B3E}.Release|Any CPU.Build.0 = Release|Any CPU
		{B966512D-F9EB-4658-94E9-8F1A3D040E00}.Debug|Any CPU.ActiveCfg = Debug|Any CPU
		{B966512D-F9EB-4658-94E9-8F1A3D040E00}.Debug|Any CPU.Build.0 = Debug|Any CPU
		{B966512D-F9EB-4658-94E9-8F1A3D040E00}.Release|Any CPU.ActiveCfg = Release|Any CPU
		{B966512D-F9EB-4658-94E9-8F1A3D040E00}.Release|Any CPU.Build.0 = Release|Any CPU
		{9FE47A75-1525-44D7-9597-52736DD2830A}.Debug|Any CPU.ActiveCfg = Debug|Any CPU
		{9FE47A75-1525-44D7-9597-52736DD2830A}.Debug|Any CPU.Build.0 = Debug|Any CPU
		{9FE47A75-1525-44D7-9597-52736DD2830A}.Release|Any CPU.ActiveCfg = Release|Any CPU
		{9FE47A75-1525-44D7-9597-52736DD2830A}.Release|Any CPU.Build.0 = Release|Any CPU
		{C25977E4-0A7F-43A4-80F4-B037AA22CC8B}.Debug|Any CPU.ActiveCfg = Debug|Any CPU
		{C25977E4-0A7F-43A4-80F4-B037AA22CC8B}.Debug|Any CPU.Build.0 = Debug|Any CPU
		{C25977E4-0A7F-43A4-80F4-B037AA22CC8B}.Release|Any CPU.ActiveCfg = Release|Any CPU
		{C25977E4-0A7F-43A4-80F4-B037AA22CC8B}.Release|Any CPU.Build.0 = Release|Any CPU
		{EF763DC6-770C-40FB-88A0-7230CC1C1297}.Debug|Any CPU.ActiveCfg = Debug|Any CPU
		{EF763DC6-770C-40FB-88A0-7230CC1C1297}.Debug|Any CPU.Build.0 = Debug|Any CPU
		{EF763DC6-770C-40FB-88A0-7230CC1C1297}.Release|Any CPU.ActiveCfg = Release|Any CPU
		{EF763DC6-770C-40FB-88A0-7230CC1C1297}.Release|Any CPU.Build.0 = Release|Any CPU
		{906F520E-BBCD-4A46-BBBA-5BF1DE5E6B38}.Debug|Any CPU.ActiveCfg = Debug|Any CPU
		{906F520E-BBCD-4A46-BBBA-5BF1DE5E6B38}.Debug|Any CPU.Build.0 = Debug|Any CPU
		{906F520E-BBCD-4A46-BBBA-5BF1DE5E6B38}.Release|Any CPU.ActiveCfg = Release|Any CPU
		{906F520E-BBCD-4A46-BBBA-5BF1DE5E6B38}.Release|Any CPU.Build.0 = Release|Any CPU
		{03B4942D-C908-438E-8280-8A217BDF647C}.Debug|Any CPU.ActiveCfg = Debug|Any CPU
		{03B4942D-C908-438E-8280-8A217BDF647C}.Debug|Any CPU.Build.0 = Debug|Any CPU
		{03B4942D-C908-438E-8280-8A217BDF647C}.Release|Any CPU.ActiveCfg = Release|Any CPU
		{03B4942D-C908-438E-8280-8A217BDF647C}.Release|Any CPU.Build.0 = Release|Any CPU
	EndGlobalSection
	GlobalSection(SolutionProperties) = preSolution
		HideSolutionNode = FALSE
	EndGlobalSection
EndGlobal
