
Microsoft Visual Studio Solution File, Format Version 12.00
# Visual Studio Version 17
VisualStudioVersion = 17.3.32811.315
MinimumVisualStudioVersion = 10.0.40219.1
Project("{FAE04EC0-301F-11D3-BF4B-00C04F79EFBC}") = "Ejemplo_Clases-Metodos", "Ejemplo_Clases-Metodos.csproj", "{9142FE1D-334F-4F58-89A4-2F9793F74EC6}"
EndProject
Global
	GlobalSection(SolutionConfigurationPlatforms) = preSolution
		Debug|Any CPU = Debug|Any CPU
		Release|Any CPU = Release|Any CPU
	EndGlobalSection
	GlobalSection(ProjectConfigurationPlatforms) = postSolution
		{9142FE1D-334F-4F58-89A4-2F9793F74EC6}.Debug|Any CPU.ActiveCfg = Debug|Any CPU
		{9142FE1D-334F-4F58-89A4-2F9793F74EC6}.Debug|Any CPU.Build.0 = Debug|Any CPU
		{9142FE1D-334F-4F58-89A4-2F9793F74EC6}.Release|Any CPU.ActiveCfg = Release|Any CPU
		{9142FE1D-334F-4F58-89A4-2F9793F74EC6}.Release|Any CPU.Build.0 = Release|Any CPU
	EndGlobalSection
	GlobalSection(SolutionProperties) = preSolution
		HideSolutionNode = FALSE
	EndGlobalSection
	GlobalSection(ExtensibilityGlobals) = postSolution
		SolutionGuid = {2F83ED78-5B56-4EF6-9502-8F3621A63CAB}
	EndGlobalSection
EndGlobal
